// !$*UTF8*$!
{
	archiveVersion = 1;
	classes = {
	};
	objectVersion = 46;
	objects = {

/* Begin PBXBuildFile section */
		D43173E71F5DCAB600F80495 /* AppDelegate.swift in Sources */ = {isa = PBXBuildFile; fileRef = D43173E61F5DCAB600F80495 /* AppDelegate.swift */; };
		D43173E91F5DCAB600F80495 /* ViewController.swift in Sources */ = {isa = PBXBuildFile; fileRef = D43173E81F5DCAB600F80495 /* ViewController.swift */; };
		D43173EC1F5DCAB600F80495 /* Main.storyboard in Resources */ = {isa = PBXBuildFile; fileRef = D43173EA1F5DCAB600F80495 /* Main.storyboard */; };
		D43173EE1F5DCAB600F80495 /* Assets.xcassets in Resources */ = {isa = PBXBuildFile; fileRef = D43173ED1F5DCAB600F80495 /* Assets.xcassets */; };
		D43173F11F5DCAB600F80495 /* LaunchScreen.storyboard in Resources */ = {isa = PBXBuildFile; fileRef = D43173EF1F5DCAB600F80495 /* LaunchScreen.storyboard */; };
		D43173F91F5DD6FD00F80495 /* DefinitionViewController.swift in Sources */ = {isa = PBXBuildFile; fileRef = D43173F81F5DD6FD00F80495 /* DefinitionViewController.swift */; };
/* End PBXBuildFile section */

/* Begin PBXFileReference section */
		D43173E31F5DCAB600F80495 /* Emoji-Dic.app */ = {isa = PBXFileReference; explicitFileType = wrapper.application; includeInIndex = 0; path = "Emoji-Dic.app"; sourceTree = BUILT_PRODUCTS_DIR; };
		D43173E61F5DCAB600F80495 /* AppDelegate.swift */ = {isa = PBXFileReference; lastKnownFileType = sourcecode.swift; path = AppDelegate.swift; sourceTree = "<group>"; };
		D43173E81F5DCAB600F80495 /* ViewController.swift */ = {isa = PBXFileReference; lastKnownFileType = sourcecode.swift; path = ViewController.swift; sourceTree = "<group>"; };
		D43173EB1F5DCAB600F80495 /* Base */ = {isa = PBXFileReference; lastKnownFileType = file.storyboard; name = Base; path = Base.lproj/Main.storyboard; sourceTree = "<group>"; };
		D43173ED1F5DCAB600F80495 /* Assets.xcassets */ = {isa = PBXFileReference; lastKnownFileType = folder.assetcatalog; path = Assets.xcassets; sourceTree = "<group>"; };
		D43173F01F5DCAB600F80495 /* Base */ = {isa = PBXFileReference; lastKnownFileType = file.storyboard; name = Base; path = Base.lproj/LaunchScreen.storyboard; sourceTree = "<group>"; };
		D43173F21F5DCAB600F80495 /* Info.plist */ = {isa = PBXFileReference; lastKnownFileType = text.plist.xml; path = Info.plist; sourceTree = "<group>"; };
		D43173F81F5DD6FD00F80495 /* DefinitionViewController.swift */ = {isa = PBXFileReference; fileEncoding = 4; lastKnownFileType = sourcecode.swift; path = DefinitionViewController.swift; sourceTree = "<group>"; };
/* End PBXFileReference section */

/* Begin PBXFrameworksBuildPhase section */
		D43173E01F5DCAB600F80495 /* Frameworks */ = {
			isa = PBXFrameworksBuildPhase;
			buildActionMask = 2147483647;
			files = (
			);
			runOnlyForDeploymentPostprocessing = 0;
		};
/* End PBXFrameworksBuildPhase section */

/* Begin PBXGroup section */
		D43173DA1F5DCAB600F80495 = {
			isa = PBXGroup;
			children = (
				D43173E51F5DCAB600F80495 /* Emoji-Dic */,
				D43173E41F5DCAB600F80495 /* Products */,
			);
			sourceTree = "<group>";
		};
		D43173E41F5DCAB600F80495 /* Products */ = {
			isa = PBXGroup;
			children = (
				D43173E31F5DCAB600F80495 /* Emoji-Dic.app */,
			);
			name = Products;
			sourceTree = "<group>";
		};
		D43173E51F5DCAB600F80495 /* Emoji-Dic */ = {
			isa = PBXGroup;
			children = (
				D43173E61F5DCAB600F80495 /* AppDelegate.swift */,
				D43173E81F5DCAB600F80495 /* ViewController.swift */,
				D43173F81F5DD6FD00F80495 /* DefinitionViewController.swift */,
				D43173EA1F5DCAB600F80495 /* Main.storyboard */,
				D43173ED1F5DCAB600F80495 /* Assets.xcassets */,
				D43173EF1F5DCAB600F80495 /* LaunchScreen.storyboard */,
				D43173F21F5DCAB600F80495 /* Info.plist */,
			);
			path = "Emoji-Dic";
			sourceTree = "<group>";
		};
/* End PBXGroup section */

/* Begin PBXNativeTarget section */
		D43173E21F5DCAB600F80495 /* Emoji-Dic */ = {
			isa = PBXNativeTarget;
			buildConfigurationList = D43173F51F5DCAB600F80495 /* Build configuration list for PBXNativeTarget "Emoji-Dic" */;
			buildPhases = (
				D43173DF1F5DCAB600F80495 /* Sources */,
				D43173E01F5DCAB600F80495 /* Frameworks */,
				D43173E11F5DCAB600F80495 /* Resources */,
			);
			buildRules = (
			);
			dependencies = (
			);
			name = "Emoji-Dic";
			productName = "Emoji-Dic";
			productReference = D43173E31F5DCAB600F80495 /* Emoji-Dic.app */;
			productType = "com.apple.product-type.application";
		};
/* End PBXNativeTarget section */

/* Begin PBXProject section */
		D43173DB1F5DCAB600F80495 /* Project object */ = {
			isa = PBXProject;
			attributes = {
				LastSwiftUpdateCheck = 0830;
				LastUpgradeCheck = 0830;
				ORGANIZATIONNAME = "Jonas Fröhlich";
				TargetAttributes = {
					D43173E21F5DCAB600F80495 = {
						CreatedOnToolsVersion = 8.3.3;
						ProvisioningStyle = Automatic;
					};
				};
			};
			buildConfigurationList = D43173DE1F5DCAB600F80495 /* Build configuration list for PBXProject "Emoji-Dic" */;
			compatibilityVersion = "Xcode 3.2";
			developmentRegion = English;
			hasScannedForEncodings = 0;
			knownRegions = (
				en,
				Base,
			);
			mainGroup = D43173DA1F5DCAB600F80495;
			productRefGroup = D43173E41F5DCAB600F80495 /* Products */;
			projectDirPath = "";
			projectRoot = "";
			targets = (
				D43173E21F5DCAB600F80495 /* Emoji-Dic */,
			);
		};
/* End PBXProject section */

/* Begin PBXResourcesBuildPhase section */
		D43173E11F5DCAB600F80495 /* Resources */ = {
			isa = PBXResourcesBuildPhase;
			buildActionMask = 2147483647;
			files = (
				D43173F11F5DCAB600F80495 /* LaunchScreen.storyboard in Resources */,
				D43173EE1F5DCAB600F80495 /* Assets.xcassets in Resources */,
				D43173EC1F5DCAB600F80495 /* Main.storyboard in Resources */,
			);
			runOnlyForDeploymentPostprocessing = 0;
		};
/* End PBXResourcesBuildPhase section */

/* Begin PBXSourcesBuildPhase section */
		D43173DF1F5DCAB600F80495 /* Sources */ = {
			isa = PBXSourcesBuildPhase;
			buildActionMask = 2147483647;
			files = (
				D43173E91F5DCAB600F80495 /* ViewController.swift in Sources */,
				D43173F91F5DD6FD00F80495 /* DefinitionViewController.swift in Sources */,
				D43173E71F5DCAB600F80495 /* AppDelegate.swift in Sources */,
			);
			runOnlyForDeploymentPostprocessing = 0;
		};
/* End PBXSourcesBuildPhase section */

/* Begin PBXVariantGroup section */
		D43173EA1F5DCAB600F80495 /* Main.storyboard */ = {
			isa = PBXVariantGroup;
			children = (
				D43173EB1F5DCAB600F80495 /* Base */,
			);
			name = Main.storyboard;
			sourceTree = "<group>";
		};
		D43173EF1F5DCAB600F80495 /* LaunchScreen.storyboard */ = {
			isa = PBXVariantGroup;
			children = (
				D43173F01F5DCAB600F80495 /* Base */,
			);
			name = LaunchScreen.storyboard;
			sourceTree = "<group>";
		};
/* End PBXVariantGroup section */

/* Begin XCBuildConfiguration section */
		D43173F31F5DCAB600F80495 /* Debug */ = {
			isa = XCBuildConfiguration;
			buildSettings = {
				ALWAYS_SEARCH_USER_PATHS = NO;
				CLANG_ANALYZER_NONNULL = YES;
				CLANG_ANALYZER_NUMBER_OBJECT_CONVERSION = YES_AGGRESSIVE;
				CLANG_CXX_LANGUAGE_STANDARD = "gnu++0x";
				CLANG_CXX_LIBRARY = "libc++";
				CLANG_ENABLE_MODULES = YES;
				CLANG_ENABLE_OBJC_ARC = YES;
				CLANG_WARN_BOOL_CONVERSION = YES;
				CLANG_WARN_CONSTANT_CONVERSION = YES;
				CLANG_WARN_DIRECT_OBJC_ISA_USAGE = YES_ERROR;
				CLANG_WARN_DOCUMENTATION_COMMENTS = YES;
				CLANG_WARN_EMPTY_BODY = YES;
				CLANG_WARN_ENUM_CONVERSION = YES;
				CLANG_WARN_INFINITE_RECURSION = YES;
				CLANG_WARN_INT_CONVERSION = YES;
				CLANG_WARN_OBJC_ROOT_CLASS = YES_ERROR;
				CLANG_WARN_SUSPICIOUS_MOVE = YES;
				CLANG_WARN_UNREACHABLE_CODE = YES;
				CLANG_WARN__DUPLICATE_METHOD_MATCH = YES;
				"CODE_SIGN_IDENTITY[sdk=iphoneos*]" = "iPhone Developer";
				COPY_PHASE_STRIP = NO;
				DEBUG_INFORMATION_FORMAT = dwarf;
				ENABLE_STRICT_OBJC_MSGSEND = YES;
				ENABLE_TESTABILITY = YES;
				GCC_C_LANGUAGE_STANDARD = gnu99;
				GCC_DYNAMIC_NO_PIC = NO;
				GCC_NO_COMMON_BLOCKS = YES;
				GCC_OPTIMIZATION_LEVEL = 0;
				GCC_PREPROCESSOR_DEFINITIONS = (
					"DEBUG=1",
					"$(inherited)",
				);
				GCC_WARN_64_TO_32_BIT_CONVERSION = YES;
				GCC_WARN_ABOUT_RETURN_TYPE = YES_ERROR;
				GCC_WARN_UNDECLARED_SELECTOR = YES;
				GCC_WARN_UNINITIALIZED_AUTOS = YES_AGGRESSIVE;
				GCC_WARN_UNUSED_FUNCTION = YES;
				GCC_WARN_UNUSED_VARIABLE = YES;
				IPHONEOS_DEPLOYMENT_TARGET = 10.3;
				MTL_ENABLE_DEBUG_INFO = YES;
				ONLY_ACTIVE_ARCH = YES;
				SDKROOT = iphoneos;
				SWIFT_ACTIVE_COMPILATION_CONDITIONS = DEBUG;
				SWIFT_OPTIMIZATION_LEVEL = "-Onone";
				TARGETED_DEVICE_FAMILY = "1,2";
			};
			name = Debug;
		};
		D43173F41F5DCAB600F80495 /* Release */ = {
			isa = XCBuildConfiguration;
			buildSettings = {
				ALWAYS_SEARCH_USER_PATHS = NO;
				CLANG_ANALYZER_NONNULL = YES;
				CLANG_ANALYZER_NUMBER_OBJECT_CONVERSION = YES_AGGRESSIVE;
				CLANG_CXX_LANGUAGE_STANDARD = "gnu++0x";
				CLANG_CXX_LIBRARY = "libc++";
				CLANG_ENABLE_MODULES = YES;
				CLANG_ENABLE_OBJC_ARC = YES;
				CLANG_WARN_BOOL_CONVERSION = YES;
				CLANG_WARN_CONSTANT_CONVERSION = YES;
				CLANG_WARN_DIRECT_OBJC_ISA_USAGE = YES_ERROR;
				CLANG_WARN_DOCUMENTATION_COMMENTS = YES;
				CLANG_WARN_EMPTY_BODY = YES;
				CLANG_WARN_ENUM_CONVERSION = YES;
				CLANG_WARN_INFINITE_RECURSION = YES;
				CLANG_WARN_INT_CONVERSION = YES;
				CLANG_WARN_OBJC_ROOT_CLASS = YES_ERROR;
				CLANG_WARN_SUSPICIOUS_MOVE = YES;
				CLANG_WARN_UNREACHABLE_CODE = YES;
				CLANG_WARN__DUPLICATE_METHOD_MATCH = YES;
				"CODE_SIGN_IDENTITY[sdk=iphoneos*]" = "iPhone Developer";
				COPY_PHASE_STRIP = NO;
				DEBUG_INFORMATION_FORMAT = "dwarf-with-dsym";
				ENABLE_NS_ASSERTIONS = NO;
				ENABLE_STRICT_OBJC_MSGSEND = YES;
				GCC_C_LANGUAGE_STANDARD = gnu99;
				GCC_NO_COMMON_BLOCKS = YES;
				GCC_WARN_64_TO_32_BIT_CONVERSION = YES;
				GCC_WARN_ABOUT_RETURN_TYPE = YES_ERROR;
				GCC_WARN_UNDECLARED_SELECTOR = YES;
				GCC_WARN_UNINITIALIZED_AUTOS = YES_AGGRESSIVE;
				GCC_WARN_UNUSED_FUNCTION = YES;
				GCC_WARN_UNUSED_VARIABLE = YES;
				IPHONEOS_DEPLOYMENT_TARGET = 10.3;
				MTL_ENABLE_DEBUG_INFO = NO;
				SDKROOT = iphoneos;
				SWIFT_OPTIMIZATION_LEVEL = "-Owholemodule";
				TARGETED_DEVICE_FAMILY = "1,2";
				VALIDATE_PRODUCT = YES;
			};
			name = Release;
		};
		D43173F61F5DCAB600F80495 /* Debug */ = {
			isa = XCBuildConfiguration;
			buildSettings = {
				ASSETCATALOG_COMPILER_APPICON_NAME = AppIcon;
				INFOPLIST_FILE = "Emoji-Dic/Info.plist";
				LD_RUNPATH_SEARCH_PATHS = "$(inherited) @executable_path/Frameworks";
				PRODUCT_BUNDLE_IDENTIFIER = "de.froehlich.Emoji-Dic";
				PRODUCT_NAME = "$(TARGET_NAME)";
				SWIFT_VERSION = 3.0;
			};
			name = Debug;
		};
		D43173F71F5DCAB600F80495 /* Release */ = {
			isa = XCBuildConfiguration;
			buildSettings = {
				ASSETCATALOG_COMPILER_APPICON_NAME = AppIcon;
				INFOPLIST_FILE = "Emoji-Dic/Info.plist";
				LD_RUNPATH_SEARCH_PATHS = "$(inherited) @executable_path/Frameworks";
				PRODUCT_BUNDLE_IDENTIFIER = "de.froehlich.Emoji-Dic";
				PRODUCT_NAME = "$(TARGET_NAME)";
				SWIFT_VERSION = 3.0;
			};
			name = Release;
		};
/* End XCBuildConfiguration section */

/* Begin XCConfigurationList section */
		D43173DE1F5DCAB600F80495 /* Build configuration list for PBXProject "Emoji-Dic" */ = {
			isa = XCConfigurationList;
			buildConfigurations = (
				D43173F31F5DCAB600F80495 /* Debug */,
				D43173F41F5DCAB600F80495 /* Release */,
			);
			defaultConfigurationIsVisible = 0;
			defaultConfigurationName = Release;
		};
		D43173F51F5DCAB600F80495 /* Build configuration list for PBXNativeTarget "Emoji-Dic" */ = {
			isa = XCConfigurationList;
			buildConfigurations = (
				D43173F61F5DCAB600F80495 /* Debug */,
				D43173F71F5DCAB600F80495 /* Release */,
			);
			defaultConfigurationIsVisible = 0;
		};
/* End XCConfigurationList section */
	};
	rootObject = D43173DB1F5DCAB600F80495 /* Project object */;
}
